
Microsoft Visual Studio Solution File, Format Version 12.00
# Visual Studio Version 17
VisualStudioVersion = 17.5.33424.131
MinimumVisualStudioVersion = 10.0.40219.1
Project("{FAE04EC0-301F-11D3-BF4B-00C04F79EFBC}") = "ITP4915M_project_grp6_YRG", "ITP4915M_project_grp6_YRG\ITP4915M_project_grp6_YRG.csproj", "{9AAA0585-B400-460B-B0ED-24ECF8572883}"
EndProject
Project("{FAE04EC0-301F-11D3-BF4B-00C04F79EFBC}") = "YRG_DAL", "YRG_DAL\YRG_DAL.csproj", "{7A64F858-F68F-4E06-B101-7D38E9DEF5E5}"
EndProject
Project("{FAE04EC0-301F-11D3-BF4B-00C04F79EFBC}") = "YRG_Model", "YRG_Model\YRG_Model.csproj", "{50784DF3-5F9E-4528-A928-5B2495AFF972}"
EndProject
Project("{FAE04EC0-301F-11D3-BF4B-00C04F79EFBC}") = "YRG_BLL", "YRG_BLL\YRG_BLL.csproj", "{9DD5CA2A-C960-4B49-9F26-4FA961F5231C}"
EndProject
Global
	GlobalSection(SolutionConfigurationPlatforms) = preSolution
		Debug|Any CPU = Debug|Any CPU
		Release|Any CPU = Release|Any CPU
	EndGlobalSection
	GlobalSection(ProjectConfigurationPlatforms) = postSolution
		{9AAA0585-B400-460B-B0ED-24ECF8572883}.Debug|Any CPU.ActiveCfg = Debug|Any CPU
		{9AAA0585-B400-460B-B0ED-24ECF8572883}.Debug|Any CPU.Build.0 = Debug|Any CPU
		{9AAA0585-B400-460B-B0ED-24ECF8572883}.Release|Any CPU.ActiveCfg = Release|Any CPU
		{9AAA0585-B400-460B-B0ED-24ECF8572883}.Release|Any CPU.Build.0 = Release|Any CPU
		{7A64F858-F68F-4E06-B101-7D38E9DEF5E5}.Debug|Any CPU.ActiveCfg = Debug|Any CPU
		{7A64F858-F68F-4E06-B101-7D38E9DEF5E5}.Debug|Any CPU.Build.0 = Debug|Any CPU
		{7A64F858-F68F-4E06-B101-7D38E9DEF5E5}.Release|Any CPU.ActiveCfg = Release|Any CPU
		{7A64F858-F68F-4E06-B101-7D38E9DEF5E5}.Release|Any CPU.Build.0 = Release|Any CPU
		{50784DF3-5F9E-4528-A928-5B2495AFF972}.Debug|Any CPU.ActiveCfg = Debug|Any CPU
		{50784DF3-5F9E-4528-A928-5B2495AFF972}.Debug|Any CPU.Build.0 = Debug|Any CPU
		{50784DF3-5F9E-4528-A928-5B2495AFF972}.Release|Any CPU.ActiveCfg = Release|Any CPU
		{50784DF3-5F9E-4528-A928-5B2495AFF972}.Release|Any CPU.Build.0 = Release|Any CPU
		{9DD5CA2A-C960-4B49-9F26-4FA961F5231C}.Debug|Any CPU.ActiveCfg = Debug|Any CPU
		{9DD5CA2A-C960-4B49-9F26-4FA961F5231C}.Debug|Any CPU.Build.0 = Debug|Any CPU
		{9DD5CA2A-C960-4B49-9F26-4FA961F5231C}.Release|Any CPU.ActiveCfg = Release|Any CPU
		{9DD5CA2A-C960-4B49-9F26-4FA961F5231C}.Release|Any CPU.Build.0 = Release|Any CPU
	EndGlobalSection
	GlobalSection(SolutionProperties) = preSolution
		HideSolutionNode = FALSE
	EndGlobalSection
	GlobalSection(ExtensibilityGlobals) = postSolution
		SolutionGuid = {3F7B4350-E74B-42D3-B193-8970668780D9}
	EndGlobalSection
EndGlobal
